
Microsoft Visual Studio Solution File, Format Version 12.00
# Visual Studio Version 17
VisualStudioVersion = 17.5.33424.131
MinimumVisualStudioVersion = 10.0.40219.1
Project("{FAE04EC0-301F-11D3-BF4B-00C04F79EFBC}") = "StrategyDesignPattern", "StrategyDesignPattern\StrategyDesignPattern.csproj", "{69B130F1-9875-4BF3-AD8A-7AD83A5BE88F}"
EndProject
Project("{FAE04EC0-301F-11D3-BF4B-00C04F79EFBC}") = "ObserverPattern", "ObserverPattern\ObserverPattern.csproj", "{508C3F5A-C6DC-4F77-BA5D-4E2D78B29BBF}"
EndProject
Project("{FAE04EC0-301F-11D3-BF4B-00C04F79EFBC}") = "SingletonPattern", "SingletonPattern\SingletonPattern.csproj", "{2632E383-A83F-4115-8220-E9E8FAA50788}"
EndProject
Project("{FAE04EC0-301F-11D3-BF4B-00C04F79EFBC}") = "DecoratorPattern", "DecoratorPattern\DecoratorPattern.csproj", "{36B1D5D4-7082-4CCF-96C1-52E2CA18E735}"
EndProject
Project("{FAE04EC0-301F-11D3-BF4B-00C04F79EFBC}") = "BuilderPattern", "BuilderPattern\BuilderPattern.csproj", "{DC52A89D-A3B4-4931-820E-A846EE176426}"
EndProject
Project("{FAE04EC0-301F-11D3-BF4B-00C04F79EFBC}") = "FactoryMethodPattern", "FactoryMethodPattern\FactoryMethodPattern.csproj", "{87FDCDF3-06DD-4D75-83D9-41DA39246405}"
EndProject
Project("{FAE04EC0-301F-11D3-BF4B-00C04F79EFBC}") = "AbstractFactoryPattern", "AbstractFactoryPattern\AbstractFactoryPattern.csproj", "{7B3A1D85-7B90-4BD7-ADCD-3784FF9130EB}"
EndProject
Project("{FAE04EC0-301F-11D3-BF4B-00C04F79EFBC}") = "CommandDesignPattern", "CommandDesignPattern\CommandDesignPattern.csproj", "{65D7714E-1666-4946-B290-CF12193DBFC6}"
EndProject
Project("{FAE04EC0-301F-11D3-BF4B-00C04F79EFBC}") = "AdapterPattern", "AdapterPattern\AdapterPattern.csproj", "{ED84699F-30E9-49F8-9CA4-417B73A62C49}"
EndProject
Project("{FAE04EC0-301F-11D3-BF4B-00C04F79EFBC}") = "ProxyPattern", "ProxyPattern\ProxyPattern.csproj", "{EB44E920-A1AD-445A-B492-4C3FF495A4E7}"
EndProject
Project("{FAE04EC0-301F-11D3-BF4B-00C04F79EFBC}") = "FacadePattern", "FacadePattern\FacadePattern.csproj", "{73592D3B-78EB-4EF8-A881-806F3888B042}"
EndProject
Project("{FAE04EC0-301F-11D3-BF4B-00C04F79EFBC}") = "SimpleFactoryPattern", "SimpleFactoryPattern\SimpleFactoryPattern.csproj", "{6B41BDEB-722A-4B73-AC2A-723281AF99D1}"
EndProject
Global
	GlobalSection(SolutionConfigurationPlatforms) = preSolution
		Debug|Any CPU = Debug|Any CPU
		Release|Any CPU = Release|Any CPU
	EndGlobalSection
	GlobalSection(ProjectConfigurationPlatforms) = postSolution
		{69B130F1-9875-4BF3-AD8A-7AD83A5BE88F}.Debug|Any CPU.ActiveCfg = Debug|Any CPU
		{69B130F1-9875-4BF3-AD8A-7AD83A5BE88F}.Debug|Any CPU.Build.0 = Debug|Any CPU
		{69B130F1-9875-4BF3-AD8A-7AD83A5BE88F}.Release|Any CPU.ActiveCfg = Release|Any CPU
		{69B130F1-9875-4BF3-AD8A-7AD83A5BE88F}.Release|Any CPU.Build.0 = Release|Any CPU
		{508C3F5A-C6DC-4F77-BA5D-4E2D78B29BBF}.Debug|Any CPU.ActiveCfg = Debug|Any CPU
		{508C3F5A-C6DC-4F77-BA5D-4E2D78B29BBF}.Debug|Any CPU.Build.0 = Debug|Any CPU
		{508C3F5A-C6DC-4F77-BA5D-4E2D78B29BBF}.Release|Any CPU.ActiveCfg = Release|Any CPU
		{508C3F5A-C6DC-4F77-BA5D-4E2D78B29BBF}.Release|Any CPU.Build.0 = Release|Any CPU
		{2632E383-A83F-4115-8220-E9E8FAA50788}.Debug|Any CPU.ActiveCfg = Debug|Any CPU
		{2632E383-A83F-4115-8220-E9E8FAA50788}.Debug|Any CPU.Build.0 = Debug|Any CPU
		{2632E383-A83F-4115-8220-E9E8FAA50788}.Release|Any CPU.ActiveCfg = Release|Any CPU
		{2632E383-A83F-4115-8220-E9E8FAA50788}.Release|Any CPU.Build.0 = Release|Any CPU
		{36B1D5D4-7082-4CCF-96C1-52E2CA18E735}.Debug|Any CPU.ActiveCfg = Debug|Any CPU
		{36B1D5D4-7082-4CCF-96C1-52E2CA18E735}.Debug|Any CPU.Build.0 = Debug|Any CPU
		{36B1D5D4-7082-4CCF-96C1-52E2CA18E735}.Release|Any CPU.ActiveCfg = Release|Any CPU
		{36B1D5D4-7082-4CCF-96C1-52E2CA18E735}.Release|Any CPU.Build.0 = Release|Any CPU
		{DC52A89D-A3B4-4931-820E-A846EE176426}.Debug|Any CPU.ActiveCfg = Debug|Any CPU
		{DC52A89D-A3B4-4931-820E-A846EE176426}.Debug|Any CPU.Build.0 = Debug|Any CPU
		{DC52A89D-A3B4-4931-820E-A846EE176426}.Release|Any CPU.ActiveCfg = Release|Any CPU
		{DC52A89D-A3B4-4931-820E-A846EE176426}.Release|Any CPU.Build.0 = Release|Any CPU
		{87FDCDF3-06DD-4D75-83D9-41DA39246405}.Debug|Any CPU.ActiveCfg = Debug|Any CPU
		{87FDCDF3-06DD-4D75-83D9-41DA39246405}.Debug|Any CPU.Build.0 = Debug|Any CPU
		{87FDCDF3-06DD-4D75-83D9-41DA39246405}.Release|Any CPU.ActiveCfg = Release|Any CPU
		{87FDCDF3-06DD-4D75-83D9-41DA39246405}.Release|Any CPU.Build.0 = Release|Any CPU
		{7B3A1D85-7B90-4BD7-ADCD-3784FF9130EB}.Debug|Any CPU.ActiveCfg = Debug|Any CPU
		{7B3A1D85-7B90-4BD7-ADCD-3784FF9130EB}.Debug|Any CPU.Build.0 = Debug|Any CPU
		{7B3A1D85-7B90-4BD7-ADCD-3784FF9130EB}.Release|Any CPU.ActiveCfg = Release|Any CPU
		{7B3A1D85-7B90-4BD7-ADCD-3784FF9130EB}.Release|Any CPU.Build.0 = Release|Any CPU
		{65D7714E-1666-4946-B290-CF12193DBFC6}.Debug|Any CPU.ActiveCfg = Debug|Any CPU
		{65D7714E-1666-4946-B290-CF12193DBFC6}.Debug|Any CPU.Build.0 = Debug|Any CPU
		{65D7714E-1666-4946-B290-CF12193DBFC6}.Release|Any CPU.ActiveCfg = Release|Any CPU
		{65D7714E-1666-4946-B290-CF12193DBFC6}.Release|Any CPU.Build.0 = Release|Any CPU
		{ED84699F-30E9-49F8-9CA4-417B73A62C49}.Debug|Any CPU.ActiveCfg = Debug|Any CPU
		{ED84699F-30E9-49F8-9CA4-417B73A62C49}.Debug|Any CPU.Build.0 = Debug|Any CPU
		{ED84699F-30E9-49F8-9CA4-417B73A62C49}.Release|Any CPU.ActiveCfg = Release|Any CPU
		{ED84699F-30E9-49F8-9CA4-417B73A62C49}.Release|Any CPU.Build.0 = Release|Any CPU
		{EB44E920-A1AD-445A-B492-4C3FF495A4E7}.Debug|Any CPU.ActiveCfg = Debug|Any CPU
		{EB44E920-A1AD-445A-B492-4C3FF495A4E7}.Debug|Any CPU.Build.0 = Debug|Any CPU
		{EB44E920-A1AD-445A-B492-4C3FF495A4E7}.Release|Any CPU.ActiveCfg = Release|Any CPU
		{EB44E920-A1AD-445A-B492-4C3FF495A4E7}.Release|Any CPU.Build.0 = Release|Any CPU
		{73592D3B-78EB-4EF8-A881-806F3888B042}.Debug|Any CPU.ActiveCfg = Debug|Any CPU
		{73592D3B-78EB-4EF8-A881-806F3888B042}.Debug|Any CPU.Build.0 = Debug|Any CPU
		{73592D3B-78EB-4EF8-A881-806F3888B042}.Release|Any CPU.ActiveCfg = Release|Any CPU
		{73592D3B-78EB-4EF8-A881-806F3888B042}.Release|Any CPU.Build.0 = Release|Any CPU
		{6B41BDEB-722A-4B73-AC2A-723281AF99D1}.Debug|Any CPU.ActiveCfg = Debug|Any CPU
		{6B41BDEB-722A-4B73-AC2A-723281AF99D1}.Debug|Any CPU.Build.0 = Debug|Any CPU
		{6B41BDEB-722A-4B73-AC2A-723281AF99D1}.Release|Any CPU.ActiveCfg = Release|Any CPU
		{6B41BDEB-722A-4B73-AC2A-723281AF99D1}.Release|Any CPU.Build.0 = Release|Any CPU
	EndGlobalSection
	GlobalSection(SolutionProperties) = preSolution
		HideSolutionNode = FALSE
	EndGlobalSection
	GlobalSection(ExtensibilityGlobals) = postSolution
		SolutionGuid = {8D51C870-A19F-4F2D-B188-43E3350FEA4D}
	EndGlobalSection
EndGlobal
